
Microsoft Visual Studio Solution File, Format Version 12.00
# Visual Studio Version 17
VisualStudioVersion = 17.4.33213.308
MinimumVisualStudioVersion = 10.0.40219.1
Project("{FAE04EC0-301F-11D3-BF4B-00C04F79EFBC}") = "CalculatorDesktop", "CalculatorDesktop.csproj", "{6F0D1705-CC47-49A4-90D3-4837136C3FAF}"
EndProject
Global
	GlobalSection(SolutionConfigurationPlatforms) = preSolution
		Debug|Any CPU = Debug|Any CPU
		Release|Any CPU = Release|Any CPU
	EndGlobalSection
	GlobalSection(ProjectConfigurationPlatforms) = postSolution
		{6F0D1705-CC47-49A4-90D3-4837136C3FAF}.Debug|Any CPU.ActiveCfg = Debug|Any CPU
		{6F0D1705-CC47-49A4-90D3-4837136C3FAF}.Debug|Any CPU.Build.0 = Debug|Any CPU
		{6F0D1705-CC47-49A4-90D3-4837136C3FAF}.Release|Any CPU.ActiveCfg = Release|Any CPU
		{6F0D1705-CC47-49A4-90D3-4837136C3FAF}.Release|Any CPU.Build.0 = Release|Any CPU
	EndGlobalSection
	GlobalSection(SolutionProperties) = preSolution
		HideSolutionNode = FALSE
	EndGlobalSection
	GlobalSection(ExtensibilityGlobals) = postSolution
		SolutionGuid = {461918FC-CC9B-4B9D-967F-CA165BE9200A}
	EndGlobalSection
EndGlobal
